
Microsoft Visual Studio Solution File, Format Version 12.00
# Visual Studio Version 17
VisualStudioVersion = 17.13.35806.99 d17.13
MinimumVisualStudioVersion = 10.0.40219.1
Project("{FAE04EC0-301F-11D3-BF4B-00C04F79EFBC}") = "Corredores", "Corredores\Corredores.csproj", "{224F8358-B31E-4765-88A7-9F5F034A5163}"
EndProject
Global
	GlobalSection(SolutionConfigurationPlatforms) = preSolution
		Debug|Any CPU = Debug|Any CPU
		Release|Any CPU = Release|Any CPU
	EndGlobalSection
	GlobalSection(ProjectConfigurationPlatforms) = postSolution
		{224F8358-B31E-4765-88A7-9F5F034A5163}.Debug|Any CPU.ActiveCfg = Debug|Any CPU
		{224F8358-B31E-4765-88A7-9F5F034A5163}.Debug|Any CPU.Build.0 = Debug|Any CPU
		{224F8358-B31E-4765-88A7-9F5F034A5163}.Release|Any CPU.ActiveCfg = Release|Any CPU
		{224F8358-B31E-4765-88A7-9F5F034A5163}.Release|Any CPU.Build.0 = Release|Any CPU
	EndGlobalSection
	GlobalSection(SolutionProperties) = preSolution
		HideSolutionNode = FALSE
	EndGlobalSection
	GlobalSection(ExtensibilityGlobals) = postSolution
		SolutionGuid = {E9027C65-EB5A-4C7B-A74C-116D20640006}
	EndGlobalSection
EndGlobal
